// !$*UTF8*$!
{
	archiveVersion = 1;
	classes = {
	};
	objectVersion = 56;
	objects = {

/* Begin PBXBuildFile section */
		783726032A81C48100F1449B /* XCTestCase+MemoryLeakTracking.swift in Sources */ = {isa = PBXBuildFile; fileRef = 783726022A81C48100F1449B /* XCTestCase+MemoryLeakTracking.swift */; };
		783726052A81D2EC00F1449B /* URLSessionHTTPClient.swift in Sources */ = {isa = PBXBuildFile; fileRef = 783726042A81D2EC00F1449B /* URLSessionHTTPClient.swift */; };
		784641C92A86A5F700ABD8F1 /* EssentialFeedAPIEndToEndTests.swift in Sources */ = {isa = PBXBuildFile; fileRef = 784641C82A86A5F700ABD8F1 /* EssentialFeedAPIEndToEndTests.swift */; };
		784641CA2A86A5F700ABD8F1 /* EssentialFeed.framework in Frameworks */ = {isa = PBXBuildFile; fileRef = 78B842042A79DE7500F2A3DD /* EssentialFeed.framework */; };
		784641D02A86AA5D00ABD8F1 /* XCTestCase+MemoryLeakTracking.swift in Sources */ = {isa = PBXBuildFile; fileRef = 783726022A81C48100F1449B /* XCTestCase+MemoryLeakTracking.swift */; };
		784F11482A8F08AE0021332C /* LocalFeedLoader.swift in Sources */ = {isa = PBXBuildFile; fileRef = 784F11472A8F08AE0021332C /* LocalFeedLoader.swift */; };
		789470B62A819B33000E0D08 /* HTTPClient.swift in Sources */ = {isa = PBXBuildFile; fileRef = 789470B52A819B33000E0D08 /* HTTPClient.swift */; };
		789470B82A819B8E000E0D08 /* FeedItemsMapper.swift in Sources */ = {isa = PBXBuildFile; fileRef = 789470B72A819B8E000E0D08 /* FeedItemsMapper.swift */; };
		789470BB2A81AEDB000E0D08 /* URLSessionHTTPClientTests.swift in Sources */ = {isa = PBXBuildFile; fileRef = 789470BA2A81AEDB000E0D08 /* URLSessionHTTPClientTests.swift */; };
		78B63D8B2A8EB75D00191B7F /* CacheFeedUseCaseTests.swift in Sources */ = {isa = PBXBuildFile; fileRef = 78B63D8A2A8EB75D00191B7F /* CacheFeedUseCaseTests.swift */; };
		78B8420D2A79DE7500F2A3DD /* EssentialFeed.framework in Frameworks */ = {isa = PBXBuildFile; fileRef = 78B842042A79DE7500F2A3DD /* EssentialFeed.framework */; };
		78B842132A79DE7500F2A3DD /* EssentialFeed.h in Headers */ = {isa = PBXBuildFile; fileRef = 78B842072A79DE7500F2A3DD /* EssentialFeed.h */; settings = {ATTRIBUTES = (Public, ); }; };
		78B8421D2A79DEC200F2A3DD /* FeedItem.swift in Sources */ = {isa = PBXBuildFile; fileRef = 78B8421C2A79DEC200F2A3DD /* FeedItem.swift */; };
		78B8421F2A79DF6900F2A3DD /* FeedLoader.swift in Sources */ = {isa = PBXBuildFile; fileRef = 78B8421E2A79DF6900F2A3DD /* FeedLoader.swift */; };
		78B842222A79E47700F2A3DD /* LoadFeedFromRemoteUseCaseTests.swift in Sources */ = {isa = PBXBuildFile; fileRef = 78B842212A79E47700F2A3DD /* LoadFeedFromRemoteUseCaseTests.swift */; };
		78B842252A7A0C5B00F2A3DD /* RemoteFeedLoader.swift in Sources */ = {isa = PBXBuildFile; fileRef = 78B842242A7A0C5B00F2A3DD /* RemoteFeedLoader.swift */; };
/* End PBXBuildFile section */

/* Begin PBXContainerItemProxy section */
		784641CB2A86A5F700ABD8F1 /* PBXContainerItemProxy */ = {
			isa = PBXContainerItemProxy;
			containerPortal = 78B841FB2A79DE7500F2A3DD /* Project object */;
			proxyType = 1;
			remoteGlobalIDString = 78B842032A79DE7500F2A3DD;
			remoteInfo = EssentialFeed;
		};
		78B8420E2A79DE7500F2A3DD /* PBXContainerItemProxy */ = {
			isa = PBXContainerItemProxy;
			containerPortal = 78B841FB2A79DE7500F2A3DD /* Project object */;
			proxyType = 1;
			remoteGlobalIDString = 78B842032A79DE7500F2A3DD;
			remoteInfo = EssentialFeed;
		};
/* End PBXContainerItemProxy section */

/* Begin PBXFileReference section */
		783726022A81C48100F1449B /* XCTestCase+MemoryLeakTracking.swift */ = {isa = PBXFileReference; lastKnownFileType = sourcecode.swift; path = "XCTestCase+MemoryLeakTracking.swift"; sourceTree = "<group>"; };
		783726042A81D2EC00F1449B /* URLSessionHTTPClient.swift */ = {isa = PBXFileReference; lastKnownFileType = sourcecode.swift; path = URLSessionHTTPClient.swift; sourceTree = "<group>"; };
		784641C12A86A0CA00ABD8F1 /* EssentialFeed.xctestplan */ = {isa = PBXFileReference; lastKnownFileType = text; path = EssentialFeed.xctestplan; sourceTree = "<group>"; };
		784641C62A86A5F700ABD8F1 /* EssentialFeedAPIEndToEndTests.xctest */ = {isa = PBXFileReference; explicitFileType = wrapper.cfbundle; includeInIndex = 0; path = EssentialFeedAPIEndToEndTests.xctest; sourceTree = BUILT_PRODUCTS_DIR; };
		784641C82A86A5F700ABD8F1 /* EssentialFeedAPIEndToEndTests.swift */ = {isa = PBXFileReference; lastKnownFileType = sourcecode.swift; path = EssentialFeedAPIEndToEndTests.swift; sourceTree = "<group>"; };
		784641D12A86AC1400ABD8F1 /* CI.xctestplan */ = {isa = PBXFileReference; lastKnownFileType = text; path = CI.xctestplan; sourceTree = "<group>"; };
		784F11472A8F08AE0021332C /* LocalFeedLoader.swift */ = {isa = PBXFileReference; lastKnownFileType = sourcecode.swift; path = LocalFeedLoader.swift; sourceTree = "<group>"; };
		789470B52A819B33000E0D08 /* HTTPClient.swift */ = {isa = PBXFileReference; lastKnownFileType = sourcecode.swift; path = HTTPClient.swift; sourceTree = "<group>"; };
		789470B72A819B8E000E0D08 /* FeedItemsMapper.swift */ = {isa = PBXFileReference; lastKnownFileType = sourcecode.swift; path = FeedItemsMapper.swift; sourceTree = "<group>"; };
		789470BA2A81AEDB000E0D08 /* URLSessionHTTPClientTests.swift */ = {isa = PBXFileReference; lastKnownFileType = sourcecode.swift; path = URLSessionHTTPClientTests.swift; sourceTree = "<group>"; };
		78B63D8A2A8EB75D00191B7F /* CacheFeedUseCaseTests.swift */ = {isa = PBXFileReference; lastKnownFileType = sourcecode.swift; path = CacheFeedUseCaseTests.swift; sourceTree = "<group>"; };
		78B842042A79DE7500F2A3DD /* EssentialFeed.framework */ = {isa = PBXFileReference; explicitFileType = wrapper.framework; includeInIndex = 0; path = EssentialFeed.framework; sourceTree = BUILT_PRODUCTS_DIR; };
		78B842072A79DE7500F2A3DD /* EssentialFeed.h */ = {isa = PBXFileReference; lastKnownFileType = sourcecode.c.h; path = EssentialFeed.h; sourceTree = "<group>"; };
		78B8420C2A79DE7500F2A3DD /* EssentialFeedTests.xctest */ = {isa = PBXFileReference; explicitFileType = wrapper.cfbundle; includeInIndex = 0; path = EssentialFeedTests.xctest; sourceTree = BUILT_PRODUCTS_DIR; };
		78B8421C2A79DEC200F2A3DD /* FeedItem.swift */ = {isa = PBXFileReference; lastKnownFileType = sourcecode.swift; path = FeedItem.swift; sourceTree = "<group>"; };
		78B8421E2A79DF6900F2A3DD /* FeedLoader.swift */ = {isa = PBXFileReference; lastKnownFileType = sourcecode.swift; path = FeedLoader.swift; sourceTree = "<group>"; };
		78B842212A79E47700F2A3DD /* LoadFeedFromRemoteUseCaseTests.swift */ = {isa = PBXFileReference; lastKnownFileType = sourcecode.swift; path = LoadFeedFromRemoteUseCaseTests.swift; sourceTree = "<group>"; };
		78B842242A7A0C5B00F2A3DD /* RemoteFeedLoader.swift */ = {isa = PBXFileReference; lastKnownFileType = sourcecode.swift; path = RemoteFeedLoader.swift; sourceTree = "<group>"; };
/* End PBXFileReference section */

/* Begin PBXFrameworksBuildPhase section */
		784641C32A86A5F700ABD8F1 /* Frameworks */ = {
			isa = PBXFrameworksBuildPhase;
			buildActionMask = 2147483647;
			files = (
				784641CA2A86A5F700ABD8F1 /* EssentialFeed.framework in Frameworks */,
			);
			runOnlyForDeploymentPostprocessing = 0;
		};
		78B842012A79DE7500F2A3DD /* Frameworks */ = {
			isa = PBXFrameworksBuildPhase;
			buildActionMask = 2147483647;
			files = (
			);
			runOnlyForDeploymentPostprocessing = 0;
		};
		78B842092A79DE7500F2A3DD /* Frameworks */ = {
			isa = PBXFrameworksBuildPhase;
			buildActionMask = 2147483647;
			files = (
				78B8420D2A79DE7500F2A3DD /* EssentialFeed.framework in Frameworks */,
			);
			runOnlyForDeploymentPostprocessing = 0;
		};
/* End PBXFrameworksBuildPhase section */

/* Begin PBXGroup section */
		783726012A81C46200F1449B /* Helpers */ = {
			isa = PBXGroup;
			children = (
				783726022A81C48100F1449B /* XCTestCase+MemoryLeakTracking.swift */,
			);
			path = Helpers;
			sourceTree = "<group>";
		};
		784641C72A86A5F700ABD8F1 /* EssentialFeedAPIEndToEndTests */ = {
			isa = PBXGroup;
			children = (
				784641C82A86A5F700ABD8F1 /* EssentialFeedAPIEndToEndTests.swift */,
			);
			path = EssentialFeedAPIEndToEndTests;
			sourceTree = "<group>";
		};
		784F11462A8F08870021332C /* Feed Cache */ = {
			isa = PBXGroup;
			children = (
				784F11472A8F08AE0021332C /* LocalFeedLoader.swift */,
			);
			path = "Feed Cache";
			sourceTree = "<group>";
		};
		789470B92A81A0DC000E0D08 /* Feed API */ = {
			isa = PBXGroup;
			children = (
				78B842212A79E47700F2A3DD /* LoadFeedFromRemoteUseCaseTests.swift */,
				789470BA2A81AEDB000E0D08 /* URLSessionHTTPClientTests.swift */,
			);
			path = "Feed API";
			sourceTree = "<group>";
		};
		78B63D892A8EB73F00191B7F /* Feed Cache */ = {
			isa = PBXGroup;
			children = (
				78B63D8A2A8EB75D00191B7F /* CacheFeedUseCaseTests.swift */,
			);
			path = "Feed Cache";
			sourceTree = "<group>";
		};
		78B841FA2A79DE7500F2A3DD = {
			isa = PBXGroup;
			children = (
				784641C12A86A0CA00ABD8F1 /* EssentialFeed.xctestplan */,
				784641D12A86AC1400ABD8F1 /* CI.xctestplan */,
				78B842062A79DE7500F2A3DD /* EssentialFeed */,
				78B842102A79DE7500F2A3DD /* EssentialFeedTests */,
				784641C72A86A5F700ABD8F1 /* EssentialFeedAPIEndToEndTests */,
				78B842052A79DE7500F2A3DD /* Products */,
			);
			sourceTree = "<group>";
		};
		78B842052A79DE7500F2A3DD /* Products */ = {
			isa = PBXGroup;
			children = (
				78B842042A79DE7500F2A3DD /* EssentialFeed.framework */,
				78B8420C2A79DE7500F2A3DD /* EssentialFeedTests.xctest */,
				784641C62A86A5F700ABD8F1 /* EssentialFeedAPIEndToEndTests.xctest */,
			);
			name = Products;
			sourceTree = "<group>";
		};
		78B842062A79DE7500F2A3DD /* EssentialFeed */ = {
			isa = PBXGroup;
			children = (
				784F11462A8F08870021332C /* Feed Cache */,
				78B842232A7A0C0100F2A3DD /* Feed API */,
				78B842202A79DFE000F2A3DD /* Feed Feature */,
				78B842072A79DE7500F2A3DD /* EssentialFeed.h */,
			);
			path = EssentialFeed;
			sourceTree = "<group>";
		};
		78B842102A79DE7500F2A3DD /* EssentialFeedTests */ = {
			isa = PBXGroup;
			children = (
				783726012A81C46200F1449B /* Helpers */,
				78B63D892A8EB73F00191B7F /* Feed Cache */,
				789470B92A81A0DC000E0D08 /* Feed API */,
			);
			path = EssentialFeedTests;
			sourceTree = "<group>";
		};
		78B842202A79DFE000F2A3DD /* Feed Feature */ = {
			isa = PBXGroup;
			children = (
				78B8421C2A79DEC200F2A3DD /* FeedItem.swift */,
				78B8421E2A79DF6900F2A3DD /* FeedLoader.swift */,
			);
			path = "Feed Feature";
			sourceTree = "<group>";
		};
		78B842232A7A0C0100F2A3DD /* Feed API */ = {
			isa = PBXGroup;
			children = (
				78B842242A7A0C5B00F2A3DD /* RemoteFeedLoader.swift */,
				789470B52A819B33000E0D08 /* HTTPClient.swift */,
				789470B72A819B8E000E0D08 /* FeedItemsMapper.swift */,
				783726042A81D2EC00F1449B /* URLSessionHTTPClient.swift */,
			);
			path = "Feed API";
			sourceTree = "<group>";
		};
/* End PBXGroup section */

/* Begin PBXHeadersBuildPhase section */
		78B841FF2A79DE7500F2A3DD /* Headers */ = {
			isa = PBXHeadersBuildPhase;
			buildActionMask = 2147483647;
			files = (
				78B842132A79DE7500F2A3DD /* EssentialFeed.h in Headers */,
			);
			runOnlyForDeploymentPostprocessing = 0;
		};
/* End PBXHeadersBuildPhase section */

/* Begin PBXNativeTarget section */
		784641C52A86A5F700ABD8F1 /* EssentialFeedAPIEndToEndTests */ = {
			isa = PBXNativeTarget;
			buildConfigurationList = 784641CD2A86A5F700ABD8F1 /* Build configuration list for PBXNativeTarget "EssentialFeedAPIEndToEndTests" */;
			buildPhases = (
				784641C22A86A5F700ABD8F1 /* Sources */,
				784641C32A86A5F700ABD8F1 /* Frameworks */,
				784641C42A86A5F700ABD8F1 /* Resources */,
			);
			buildRules = (
			);
			dependencies = (
				784641CC2A86A5F700ABD8F1 /* PBXTargetDependency */,
			);
			name = EssentialFeedAPIEndToEndTests;
			productName = EssentialFeedAPIEndToEndTests;
			productReference = 784641C62A86A5F700ABD8F1 /* EssentialFeedAPIEndToEndTests.xctest */;
			productType = "com.apple.product-type.bundle.unit-test";
		};
		78B842032A79DE7500F2A3DD /* EssentialFeed */ = {
			isa = PBXNativeTarget;
			buildConfigurationList = 78B842162A79DE7500F2A3DD /* Build configuration list for PBXNativeTarget "EssentialFeed" */;
			buildPhases = (
				78B841FF2A79DE7500F2A3DD /* Headers */,
				78B842002A79DE7500F2A3DD /* Sources */,
				78B842012A79DE7500F2A3DD /* Frameworks */,
				78B842022A79DE7500F2A3DD /* Resources */,
			);
			buildRules = (
			);
			dependencies = (
			);
			name = EssentialFeed;
			productName = EssentialFeed;
			productReference = 78B842042A79DE7500F2A3DD /* EssentialFeed.framework */;
			productType = "com.apple.product-type.framework";
		};
		78B8420B2A79DE7500F2A3DD /* EssentialFeedTests */ = {
			isa = PBXNativeTarget;
			buildConfigurationList = 78B842192A79DE7500F2A3DD /* Build configuration list for PBXNativeTarget "EssentialFeedTests" */;
			buildPhases = (
				78B842082A79DE7500F2A3DD /* Sources */,
				78B842092A79DE7500F2A3DD /* Frameworks */,
				78B8420A2A79DE7500F2A3DD /* Resources */,
			);
			buildRules = (
			);
			dependencies = (
				78B8420F2A79DE7500F2A3DD /* PBXTargetDependency */,
			);
			name = EssentialFeedTests;
			productName = EssentialFeedTests;
			productReference = 78B8420C2A79DE7500F2A3DD /* EssentialFeedTests.xctest */;
			productType = "com.apple.product-type.bundle.unit-test";
		};
/* End PBXNativeTarget section */

/* Begin PBXProject section */
		78B841FB2A79DE7500F2A3DD /* Project object */ = {
			isa = PBXProject;
			attributes = {
				BuildIndependentTargetsInParallel = 1;
				LastSwiftUpdateCheck = 1430;
				LastUpgradeCheck = 1430;
				TargetAttributes = {
					784641C52A86A5F700ABD8F1 = {
						CreatedOnToolsVersion = 14.3.1;
					};
					78B842032A79DE7500F2A3DD = {
						CreatedOnToolsVersion = 14.3.1;
						LastSwiftMigration = 1430;
					};
					78B8420B2A79DE7500F2A3DD = {
						CreatedOnToolsVersion = 14.3.1;
						LastSwiftMigration = 1430;
					};
				};
			};
			buildConfigurationList = 78B841FE2A79DE7500F2A3DD /* Build configuration list for PBXProject "EssentialFeed" */;
			compatibilityVersion = "Xcode 14.0";
			developmentRegion = en;
			hasScannedForEncodings = 0;
			knownRegions = (
				en,
				Base,
			);
			mainGroup = 78B841FA2A79DE7500F2A3DD;
			productRefGroup = 78B842052A79DE7500F2A3DD /* Products */;
			projectDirPath = "";
			projectRoot = "";
			targets = (
				78B842032A79DE7500F2A3DD /* EssentialFeed */,
				78B8420B2A79DE7500F2A3DD /* EssentialFeedTests */,
				784641C52A86A5F700ABD8F1 /* EssentialFeedAPIEndToEndTests */,
			);
		};
/* End PBXProject section */

/* Begin PBXResourcesBuildPhase section */
		784641C42A86A5F700ABD8F1 /* Resources */ = {
			isa = PBXResourcesBuildPhase;
			buildActionMask = 2147483647;
			files = (
			);
			runOnlyForDeploymentPostprocessing = 0;
		};
		78B842022A79DE7500F2A3DD /* Resources */ = {
			isa = PBXResourcesBuildPhase;
			buildActionMask = 2147483647;
			files = (
			);
			runOnlyForDeploymentPostprocessing = 0;
		};
		78B8420A2A79DE7500F2A3DD /* Resources */ = {
			isa = PBXResourcesBuildPhase;
			buildActionMask = 2147483647;
			files = (
			);
			runOnlyForDeploymentPostprocessing = 0;
		};
/* End PBXResourcesBuildPhase section */

/* Begin PBXSourcesBuildPhase section */
		784641C22A86A5F700ABD8F1 /* Sources */ = {
			isa = PBXSourcesBuildPhase;
			buildActionMask = 2147483647;
			files = (
				784641C92A86A5F700ABD8F1 /* EssentialFeedAPIEndToEndTests.swift in Sources */,
				784641D02A86AA5D00ABD8F1 /* XCTestCase+MemoryLeakTracking.swift in Sources */,
			);
			runOnlyForDeploymentPostprocessing = 0;
		};
		78B842002A79DE7500F2A3DD /* Sources */ = {
			isa = PBXSourcesBuildPhase;
			buildActionMask = 2147483647;
			files = (
				789470B82A819B8E000E0D08 /* FeedItemsMapper.swift in Sources */,
				78B8421F2A79DF6900F2A3DD /* FeedLoader.swift in Sources */,
				78B842252A7A0C5B00F2A3DD /* RemoteFeedLoader.swift in Sources */,
				784F11482A8F08AE0021332C /* LocalFeedLoader.swift in Sources */,
				789470B62A819B33000E0D08 /* HTTPClient.swift in Sources */,
				78B8421D2A79DEC200F2A3DD /* FeedItem.swift in Sources */,
				783726052A81D2EC00F1449B /* URLSessionHTTPClient.swift in Sources */,
			);
			runOnlyForDeploymentPostprocessing = 0;
		};
		78B842082A79DE7500F2A3DD /* Sources */ = {
			isa = PBXSourcesBuildPhase;
			buildActionMask = 2147483647;
			files = (
				78B842222A79E47700F2A3DD /* LoadFeedFromRemoteUseCaseTests.swift in Sources */,
				789470BB2A81AEDB000E0D08 /* URLSessionHTTPClientTests.swift in Sources */,
				78B63D8B2A8EB75D00191B7F /* CacheFeedUseCaseTests.swift in Sources */,
				783726032A81C48100F1449B /* XCTestCase+MemoryLeakTracking.swift in Sources */,
			);
			runOnlyForDeploymentPostprocessing = 0;
		};
/* End PBXSourcesBuildPhase section */

/* Begin PBXTargetDependency section */
		784641CC2A86A5F700ABD8F1 /* PBXTargetDependency */ = {
			isa = PBXTargetDependency;
			target = 78B842032A79DE7500F2A3DD /* EssentialFeed */;
			targetProxy = 784641CB2A86A5F700ABD8F1 /* PBXContainerItemProxy */;
		};
		78B8420F2A79DE7500F2A3DD /* PBXTargetDependency */ = {
			isa = PBXTargetDependency;
			target = 78B842032A79DE7500F2A3DD /* EssentialFeed */;
			targetProxy = 78B8420E2A79DE7500F2A3DD /* PBXContainerItemProxy */;
		};
/* End PBXTargetDependency section */

/* Begin XCBuildConfiguration section */
		784641CE2A86A5F700ABD8F1 /* Debug */ = {
			isa = XCBuildConfiguration;
			buildSettings = {
				CODE_SIGN_STYLE = Automatic;
				CURRENT_PROJECT_VERSION = 1;
				DEVELOPMENT_TEAM = 95343MFJ7K;
				GENERATE_INFOPLIST_FILE = YES;
				MACOSX_DEPLOYMENT_TARGET = 12.4;
				MARKETING_VERSION = 1.0;
				PRODUCT_BUNDLE_IDENTIFIER = com.albertogarcia.EssentialFeedAPIEndToEndTests;
				PRODUCT_NAME = "$(TARGET_NAME)";
				SWIFT_EMIT_LOC_STRINGS = NO;
				SWIFT_VERSION = 5.0;
			};
			name = Debug;
		};
		784641CF2A86A5F700ABD8F1 /* Release */ = {
			isa = XCBuildConfiguration;
			buildSettings = {
				CODE_SIGN_STYLE = Automatic;
				CURRENT_PROJECT_VERSION = 1;
				DEVELOPMENT_TEAM = 95343MFJ7K;
				GENERATE_INFOPLIST_FILE = YES;
				MACOSX_DEPLOYMENT_TARGET = 12.4;
				MARKETING_VERSION = 1.0;
				PRODUCT_BUNDLE_IDENTIFIER = com.albertogarcia.EssentialFeedAPIEndToEndTests;
				PRODUCT_NAME = "$(TARGET_NAME)";
				SWIFT_EMIT_LOC_STRINGS = NO;
				SWIFT_VERSION = 5.0;
			};
			name = Release;
		};
		78B842142A79DE7500F2A3DD /* Debug */ = {
			isa = XCBuildConfiguration;
			buildSettings = {
				ALWAYS_SEARCH_USER_PATHS = NO;
				CLANG_ANALYZER_NONNULL = YES;
				CLANG_ANALYZER_NUMBER_OBJECT_CONVERSION = YES_AGGRESSIVE;
				CLANG_CXX_LANGUAGE_STANDARD = "gnu++20";
				CLANG_ENABLE_MODULES = YES;
				CLANG_ENABLE_OBJC_ARC = YES;
				CLANG_ENABLE_OBJC_WEAK = YES;
				CLANG_WARN_BLOCK_CAPTURE_AUTORELEASING = YES;
				CLANG_WARN_BOOL_CONVERSION = YES;
				CLANG_WARN_COMMA = YES;
				CLANG_WARN_CONSTANT_CONVERSION = YES;
				CLANG_WARN_DEPRECATED_OBJC_IMPLEMENTATIONS = YES;
				CLANG_WARN_DIRECT_OBJC_ISA_USAGE = YES_ERROR;
				CLANG_WARN_DOCUMENTATION_COMMENTS = YES;
				CLANG_WARN_EMPTY_BODY = YES;
				CLANG_WARN_ENUM_CONVERSION = YES;
				CLANG_WARN_INFINITE_RECURSION = YES;
				CLANG_WARN_INT_CONVERSION = YES;
				CLANG_WARN_NON_LITERAL_NULL_CONVERSION = YES;
				CLANG_WARN_OBJC_IMPLICIT_RETAIN_SELF = YES;
				CLANG_WARN_OBJC_LITERAL_CONVERSION = YES;
				CLANG_WARN_OBJC_ROOT_CLASS = YES_ERROR;
				CLANG_WARN_QUOTED_INCLUDE_IN_FRAMEWORK_HEADER = YES;
				CLANG_WARN_RANGE_LOOP_ANALYSIS = YES;
				CLANG_WARN_STRICT_PROTOTYPES = YES;
				CLANG_WARN_SUSPICIOUS_MOVE = YES;
				CLANG_WARN_UNGUARDED_AVAILABILITY = YES_AGGRESSIVE;
				CLANG_WARN_UNREACHABLE_CODE = YES;
				CLANG_WARN__DUPLICATE_METHOD_MATCH = YES;
				COPY_PHASE_STRIP = NO;
				CURRENT_PROJECT_VERSION = 1;
				DEBUG_INFORMATION_FORMAT = dwarf;
				ENABLE_STRICT_OBJC_MSGSEND = YES;
				ENABLE_TESTABILITY = YES;
				GCC_C_LANGUAGE_STANDARD = gnu11;
				GCC_DYNAMIC_NO_PIC = NO;
				GCC_NO_COMMON_BLOCKS = YES;
				GCC_OPTIMIZATION_LEVEL = 0;
				GCC_PREPROCESSOR_DEFINITIONS = (
					"DEBUG=1",
					"$(inherited)",
				);
				GCC_WARN_64_TO_32_BIT_CONVERSION = YES;
				GCC_WARN_ABOUT_RETURN_TYPE = YES_ERROR;
				GCC_WARN_UNDECLARED_SELECTOR = YES;
				GCC_WARN_UNINITIALIZED_AUTOS = YES_AGGRESSIVE;
				GCC_WARN_UNUSED_FUNCTION = YES;
				GCC_WARN_UNUSED_VARIABLE = YES;
				MACOSX_DEPLOYMENT_TARGET = 12.4;
				MTL_ENABLE_DEBUG_INFO = INCLUDE_SOURCE;
				MTL_FAST_MATH = YES;
				ONLY_ACTIVE_ARCH = YES;
				SDKROOT = macosx;
				SWIFT_ACTIVE_COMPILATION_CONDITIONS = DEBUG;
				SWIFT_OPTIMIZATION_LEVEL = "-Onone";
				VERSIONING_SYSTEM = "apple-generic";
				VERSION_INFO_PREFIX = "";
			};
			name = Debug;
		};
		78B842152A79DE7500F2A3DD /* Release */ = {
			isa = XCBuildConfiguration;
			buildSettings = {
				ALWAYS_SEARCH_USER_PATHS = NO;
				CLANG_ANALYZER_NONNULL = YES;
				CLANG_ANALYZER_NUMBER_OBJECT_CONVERSION = YES_AGGRESSIVE;
				CLANG_CXX_LANGUAGE_STANDARD = "gnu++20";
				CLANG_ENABLE_MODULES = YES;
				CLANG_ENABLE_OBJC_ARC = YES;
				CLANG_ENABLE_OBJC_WEAK = YES;
				CLANG_WARN_BLOCK_CAPTURE_AUTORELEASING = YES;
				CLANG_WARN_BOOL_CONVERSION = YES;
				CLANG_WARN_COMMA = YES;
				CLANG_WARN_CONSTANT_CONVERSION = YES;
				CLANG_WARN_DEPRECATED_OBJC_IMPLEMENTATIONS = YES;
				CLANG_WARN_DIRECT_OBJC_ISA_USAGE = YES_ERROR;
				CLANG_WARN_DOCUMENTATION_COMMENTS = YES;
				CLANG_WARN_EMPTY_BODY = YES;
				CLANG_WARN_ENUM_CONVERSION = YES;
				CLANG_WARN_INFINITE_RECURSION = YES;
				CLANG_WARN_INT_CONVERSION = YES;
				CLANG_WARN_NON_LITERAL_NULL_CONVERSION = YES;
				CLANG_WARN_OBJC_IMPLICIT_RETAIN_SELF = YES;
				CLANG_WARN_OBJC_LITERAL_CONVERSION = YES;
				CLANG_WARN_OBJC_ROOT_CLASS = YES_ERROR;
				CLANG_WARN_QUOTED_INCLUDE_IN_FRAMEWORK_HEADER = YES;
				CLANG_WARN_RANGE_LOOP_ANALYSIS = YES;
				CLANG_WARN_STRICT_PROTOTYPES = YES;
				CLANG_WARN_SUSPICIOUS_MOVE = YES;
				CLANG_WARN_UNGUARDED_AVAILABILITY = YES_AGGRESSIVE;
				CLANG_WARN_UNREACHABLE_CODE = YES;
				CLANG_WARN__DUPLICATE_METHOD_MATCH = YES;
				COPY_PHASE_STRIP = NO;
				CURRENT_PROJECT_VERSION = 1;
				DEBUG_INFORMATION_FORMAT = "dwarf-with-dsym";
				ENABLE_NS_ASSERTIONS = NO;
				ENABLE_STRICT_OBJC_MSGSEND = YES;
				GCC_C_LANGUAGE_STANDARD = gnu11;
				GCC_NO_COMMON_BLOCKS = YES;
				GCC_WARN_64_TO_32_BIT_CONVERSION = YES;
				GCC_WARN_ABOUT_RETURN_TYPE = YES_ERROR;
				GCC_WARN_UNDECLARED_SELECTOR = YES;
				GCC_WARN_UNINITIALIZED_AUTOS = YES_AGGRESSIVE;
				GCC_WARN_UNUSED_FUNCTION = YES;
				GCC_WARN_UNUSED_VARIABLE = YES;
				MACOSX_DEPLOYMENT_TARGET = 12.4;
				MTL_ENABLE_DEBUG_INFO = NO;
				MTL_FAST_MATH = YES;
				SDKROOT = macosx;
				SWIFT_COMPILATION_MODE = wholemodule;
				SWIFT_OPTIMIZATION_LEVEL = "-O";
				VERSIONING_SYSTEM = "apple-generic";
				VERSION_INFO_PREFIX = "";
			};
			name = Release;
		};
		78B842172A79DE7500F2A3DD /* Debug */ = {
			isa = XCBuildConfiguration;
			buildSettings = {
				CLANG_ENABLE_MODULES = YES;
				CODE_SIGN_STYLE = Automatic;
				COMBINE_HIDPI_IMAGES = YES;
				CURRENT_PROJECT_VERSION = 1;
				DEFINES_MODULE = YES;
				DEVELOPMENT_TEAM = 95343MFJ7K;
				DYLIB_COMPATIBILITY_VERSION = 1;
				DYLIB_CURRENT_VERSION = 1;
				DYLIB_INSTALL_NAME_BASE = "@rpath";
				ENABLE_MODULE_VERIFIER = YES;
				GENERATE_INFOPLIST_FILE = YES;
				INFOPLIST_KEY_NSHumanReadableCopyright = "";
				INSTALL_PATH = "$(LOCAL_LIBRARY_DIR)/Frameworks";
				LD_RUNPATH_SEARCH_PATHS = (
					"$(inherited)",
					"@executable_path/../Frameworks",
					"@loader_path/Frameworks",
				);
				MACOSX_DEPLOYMENT_TARGET = 12.4;
				MARKETING_VERSION = 1.0;
				MODULE_VERIFIER_SUPPORTED_LANGUAGES = "objective-c objective-c++";
				MODULE_VERIFIER_SUPPORTED_LANGUAGE_STANDARDS = "gnu11 gnu++20";
				PRODUCT_BUNDLE_IDENTIFIER = com.albertogarcia.EssentialFeed;
				PRODUCT_NAME = "$(TARGET_NAME:c99extidentifier)";
				SKIP_INSTALL = YES;
				SWIFT_EMIT_LOC_STRINGS = YES;
				SWIFT_OPTIMIZATION_LEVEL = "-Onone";
				SWIFT_VERSION = 5.0;
			};
			name = Debug;
		};
		78B842182A79DE7500F2A3DD /* Release */ = {
			isa = XCBuildConfiguration;
			buildSettings = {
				CLANG_ENABLE_MODULES = YES;
				CODE_SIGN_STYLE = Automatic;
				COMBINE_HIDPI_IMAGES = YES;
				CURRENT_PROJECT_VERSION = 1;
				DEFINES_MODULE = YES;
				DEVELOPMENT_TEAM = 95343MFJ7K;
				DYLIB_COMPATIBILITY_VERSION = 1;
				DYLIB_CURRENT_VERSION = 1;
				DYLIB_INSTALL_NAME_BASE = "@rpath";
				ENABLE_MODULE_VERIFIER = YES;
				GENERATE_INFOPLIST_FILE = YES;
				INFOPLIST_KEY_NSHumanReadableCopyright = "";
				INSTALL_PATH = "$(LOCAL_LIBRARY_DIR)/Frameworks";
				LD_RUNPATH_SEARCH_PATHS = (
					"$(inherited)",
					"@executable_path/../Frameworks",
					"@loader_path/Frameworks",
				);
				MACOSX_DEPLOYMENT_TARGET = 12.4;
				MARKETING_VERSION = 1.0;
				MODULE_VERIFIER_SUPPORTED_LANGUAGES = "objective-c objective-c++";
				MODULE_VERIFIER_SUPPORTED_LANGUAGE_STANDARDS = "gnu11 gnu++20";
				PRODUCT_BUNDLE_IDENTIFIER = com.albertogarcia.EssentialFeed;
				PRODUCT_NAME = "$(TARGET_NAME:c99extidentifier)";
				SKIP_INSTALL = YES;
				SWIFT_EMIT_LOC_STRINGS = YES;
				SWIFT_VERSION = 5.0;
			};
			name = Release;
		};
		78B8421A2A79DE7500F2A3DD /* Debug */ = {
			isa = XCBuildConfiguration;
			buildSettings = {
				ALWAYS_EMBED_SWIFT_STANDARD_LIBRARIES = YES;
				CLANG_ENABLE_MODULES = YES;
				CODE_SIGN_STYLE = Automatic;
				CURRENT_PROJECT_VERSION = 1;
				DEVELOPMENT_TEAM = 95343MFJ7K;
				GENERATE_INFOPLIST_FILE = YES;
				MACOSX_DEPLOYMENT_TARGET = 12.4;
				MARKETING_VERSION = 1.0;
				PRODUCT_BUNDLE_IDENTIFIER = com.albertogarcia.EssentialFeedTests;
				PRODUCT_NAME = "$(TARGET_NAME)";
				SWIFT_EMIT_LOC_STRINGS = NO;
				SWIFT_OPTIMIZATION_LEVEL = "-Onone";
				SWIFT_VERSION = 5.0;
			};
			name = Debug;
		};
		78B8421B2A79DE7500F2A3DD /* Release */ = {
			isa = XCBuildConfiguration;
			buildSettings = {
				ALWAYS_EMBED_SWIFT_STANDARD_LIBRARIES = YES;
				CLANG_ENABLE_MODULES = YES;
				CODE_SIGN_STYLE = Automatic;
				CURRENT_PROJECT_VERSION = 1;
				DEVELOPMENT_TEAM = 95343MFJ7K;
				GENERATE_INFOPLIST_FILE = YES;
				MACOSX_DEPLOYMENT_TARGET = 12.4;
				MARKETING_VERSION = 1.0;
				PRODUCT_BUNDLE_IDENTIFIER = com.albertogarcia.EssentialFeedTests;
				PRODUCT_NAME = "$(TARGET_NAME)";
				SWIFT_EMIT_LOC_STRINGS = NO;
				SWIFT_VERSION = 5.0;
			};
			name = Release;
		};
/* End XCBuildConfiguration section */

/* Begin XCConfigurationList section */
		784641CD2A86A5F700ABD8F1 /* Build configuration list for PBXNativeTarget "EssentialFeedAPIEndToEndTests" */ = {
			isa = XCConfigurationList;
			buildConfigurations = (
				784641CE2A86A5F700ABD8F1 /* Debug */,
				784641CF2A86A5F700ABD8F1 /* Release */,
			);
			defaultConfigurationIsVisible = 0;
			defaultConfigurationName = Release;
		};
		78B841FE2A79DE7500F2A3DD /* Build configuration list for PBXProject "EssentialFeed" */ = {
			isa = XCConfigurationList;
			buildConfigurations = (
				78B842142A79DE7500F2A3DD /* Debug */,
				78B842152A79DE7500F2A3DD /* Release */,
			);
			defaultConfigurationIsVisible = 0;
			defaultConfigurationName = Release;
		};
		78B842162A79DE7500F2A3DD /* Build configuration list for PBXNativeTarget "EssentialFeed" */ = {
			isa = XCConfigurationList;
			buildConfigurations = (
				78B842172A79DE7500F2A3DD /* Debug */,
				78B842182A79DE7500F2A3DD /* Release */,
			);
			defaultConfigurationIsVisible = 0;
			defaultConfigurationName = Release;
		};
		78B842192A79DE7500F2A3DD /* Build configuration list for PBXNativeTarget "EssentialFeedTests" */ = {
			isa = XCConfigurationList;
			buildConfigurations = (
				78B8421A2A79DE7500F2A3DD /* Debug */,
				78B8421B2A79DE7500F2A3DD /* Release */,
			);
			defaultConfigurationIsVisible = 0;
			defaultConfigurationName = Release;
		};
/* End XCConfigurationList section */
	};
	rootObject = 78B841FB2A79DE7500F2A3DD /* Project object */;
}
