// !$*UTF8*$!
{
	archiveVersion = 1;
	classes = {
	};
	objectVersion = 56;
	objects = {

/* Begin PBXBuildFile section */
		783AB7672B50A21C00351FC1 /* AppDelegate.swift in Sources */ = {isa = PBXBuildFile; fileRef = 783AB7662B50A21C00351FC1 /* AppDelegate.swift */; };
		783AB7692B50A21C00351FC1 /* SceneDelegate.swift in Sources */ = {isa = PBXBuildFile; fileRef = 783AB7682B50A21C00351FC1 /* SceneDelegate.swift */; };
		783AB76B2B50A21C00351FC1 /* ViewController.swift in Sources */ = {isa = PBXBuildFile; fileRef = 783AB76A2B50A21C00351FC1 /* ViewController.swift */; };
		783AB76E2B50A21C00351FC1 /* Main.storyboard in Resources */ = {isa = PBXBuildFile; fileRef = 783AB76C2B50A21C00351FC1 /* Main.storyboard */; };
		783AB7702B50A21D00351FC1 /* Assets.xcassets in Resources */ = {isa = PBXBuildFile; fileRef = 783AB76F2B50A21D00351FC1 /* Assets.xcassets */; };
		783AB7732B50A21D00351FC1 /* LaunchScreen.storyboard in Resources */ = {isa = PBXBuildFile; fileRef = 783AB7712B50A21D00351FC1 /* LaunchScreen.storyboard */; };
		783AB77D2B50A5E000351FC1 /* EssentialFeed.framework in Frameworks */ = {isa = PBXBuildFile; fileRef = 783AB77B2B50A5E000351FC1 /* EssentialFeed.framework */; };
		783AB77E2B50A5E000351FC1 /* EssentialFeed.framework in Embed Frameworks */ = {isa = PBXBuildFile; fileRef = 783AB77B2B50A5E000351FC1 /* EssentialFeed.framework */; settings = {ATTRIBUTES = (CodeSignOnCopy, RemoveHeadersOnCopy, ); }; };
		783AB77F2B50A5E000351FC1 /* EssentialFeediOS.framework in Frameworks */ = {isa = PBXBuildFile; fileRef = 783AB77C2B50A5E000351FC1 /* EssentialFeediOS.framework */; };
		783AB7802B50A5E000351FC1 /* EssentialFeediOS.framework in Embed Frameworks */ = {isa = PBXBuildFile; fileRef = 783AB77C2B50A5E000351FC1 /* EssentialFeediOS.framework */; settings = {ATTRIBUTES = (CodeSignOnCopy, RemoveHeadersOnCopy, ); }; };
		783AB7902B50AE3200351FC1 /* FeedLoaderWithFallbackCompositeTests.swift in Sources */ = {isa = PBXBuildFile; fileRef = 783AB78F2B50AE3200351FC1 /* FeedLoaderWithFallbackCompositeTests.swift */; };
		783AB7922B50B8BE00351FC1 /* FeedLoaderWithFallbackComposite.swift in Sources */ = {isa = PBXBuildFile; fileRef = 783AB7912B50B8BE00351FC1 /* FeedLoaderWithFallbackComposite.swift */; };
		783AB7942B50BBA000351FC1 /* FeedImageDataLoaderWithFallbackCompositeTests.swift in Sources */ = {isa = PBXBuildFile; fileRef = 783AB7932B50BBA000351FC1 /* FeedImageDataLoaderWithFallbackCompositeTests.swift */; };
		78DBEF4A2B55B17E00098688 /* FeedImageDataLoaderWithFallbackComposite.swift in Sources */ = {isa = PBXBuildFile; fileRef = 78DBEF492B55B17E00098688 /* FeedImageDataLoaderWithFallbackComposite.swift */; };
/* End PBXBuildFile section */

/* Begin PBXContainerItemProxy section */
		783AB78A2B50ADF800351FC1 /* PBXContainerItemProxy */ = {
			isa = PBXContainerItemProxy;
			containerPortal = 783AB75B2B50A21C00351FC1 /* Project object */;
			proxyType = 1;
			remoteGlobalIDString = 783AB7622B50A21C00351FC1;
			remoteInfo = EssentialApp;
		};
/* End PBXContainerItemProxy section */

/* Begin PBXCopyFilesBuildPhase section */
		783AB7812B50A5E000351FC1 /* Embed Frameworks */ = {
			isa = PBXCopyFilesBuildPhase;
			buildActionMask = 2147483647;
			dstPath = "";
			dstSubfolderSpec = 10;
			files = (
				783AB77E2B50A5E000351FC1 /* EssentialFeed.framework in Embed Frameworks */,
				783AB7802B50A5E000351FC1 /* EssentialFeediOS.framework in Embed Frameworks */,
			);
			name = "Embed Frameworks";
			runOnlyForDeploymentPostprocessing = 0;
		};
/* End PBXCopyFilesBuildPhase section */

/* Begin PBXFileReference section */
		783AB7632B50A21C00351FC1 /* EssentialApp.app */ = {isa = PBXFileReference; explicitFileType = wrapper.application; includeInIndex = 0; path = EssentialApp.app; sourceTree = BUILT_PRODUCTS_DIR; };
		783AB7662B50A21C00351FC1 /* AppDelegate.swift */ = {isa = PBXFileReference; lastKnownFileType = sourcecode.swift; path = AppDelegate.swift; sourceTree = "<group>"; };
		783AB7682B50A21C00351FC1 /* SceneDelegate.swift */ = {isa = PBXFileReference; lastKnownFileType = sourcecode.swift; path = SceneDelegate.swift; sourceTree = "<group>"; };
		783AB76A2B50A21C00351FC1 /* ViewController.swift */ = {isa = PBXFileReference; lastKnownFileType = sourcecode.swift; path = ViewController.swift; sourceTree = "<group>"; };
		783AB76D2B50A21C00351FC1 /* Base */ = {isa = PBXFileReference; lastKnownFileType = file.storyboard; name = Base; path = Base.lproj/Main.storyboard; sourceTree = "<group>"; };
		783AB76F2B50A21D00351FC1 /* Assets.xcassets */ = {isa = PBXFileReference; lastKnownFileType = folder.assetcatalog; path = Assets.xcassets; sourceTree = "<group>"; };
		783AB7722B50A21D00351FC1 /* Base */ = {isa = PBXFileReference; lastKnownFileType = file.storyboard; name = Base; path = Base.lproj/LaunchScreen.storyboard; sourceTree = "<group>"; };
		783AB7742B50A21D00351FC1 /* Info.plist */ = {isa = PBXFileReference; lastKnownFileType = text.plist.xml; path = Info.plist; sourceTree = "<group>"; };
		783AB77B2B50A5E000351FC1 /* EssentialFeed.framework */ = {isa = PBXFileReference; explicitFileType = wrapper.framework; path = EssentialFeed.framework; sourceTree = BUILT_PRODUCTS_DIR; };
		783AB77C2B50A5E000351FC1 /* EssentialFeediOS.framework */ = {isa = PBXFileReference; explicitFileType = wrapper.framework; path = EssentialFeediOS.framework; sourceTree = BUILT_PRODUCTS_DIR; };
		783AB7862B50ADF800351FC1 /* EssentialAppTests.xctest */ = {isa = PBXFileReference; explicitFileType = wrapper.cfbundle; includeInIndex = 0; path = EssentialAppTests.xctest; sourceTree = BUILT_PRODUCTS_DIR; };
		783AB78F2B50AE3200351FC1 /* FeedLoaderWithFallbackCompositeTests.swift */ = {isa = PBXFileReference; lastKnownFileType = sourcecode.swift; path = FeedLoaderWithFallbackCompositeTests.swift; sourceTree = "<group>"; };
		783AB7912B50B8BE00351FC1 /* FeedLoaderWithFallbackComposite.swift */ = {isa = PBXFileReference; lastKnownFileType = sourcecode.swift; path = FeedLoaderWithFallbackComposite.swift; sourceTree = "<group>"; };
		783AB7932B50BBA000351FC1 /* FeedImageDataLoaderWithFallbackCompositeTests.swift */ = {isa = PBXFileReference; lastKnownFileType = sourcecode.swift; path = FeedImageDataLoaderWithFallbackCompositeTests.swift; sourceTree = "<group>"; };
		78DBEF492B55B17E00098688 /* FeedImageDataLoaderWithFallbackComposite.swift */ = {isa = PBXFileReference; lastKnownFileType = sourcecode.swift; path = FeedImageDataLoaderWithFallbackComposite.swift; sourceTree = "<group>"; };
/* End PBXFileReference section */

/* Begin PBXFrameworksBuildPhase section */
		783AB7602B50A21C00351FC1 /* Frameworks */ = {
			isa = PBXFrameworksBuildPhase;
			buildActionMask = 2147483647;
			files = (
				783AB77D2B50A5E000351FC1 /* EssentialFeed.framework in Frameworks */,
				783AB77F2B50A5E000351FC1 /* EssentialFeediOS.framework in Frameworks */,
			);
			runOnlyForDeploymentPostprocessing = 0;
		};
		783AB7832B50ADF800351FC1 /* Frameworks */ = {
			isa = PBXFrameworksBuildPhase;
			buildActionMask = 2147483647;
			files = (
			);
			runOnlyForDeploymentPostprocessing = 0;
		};
/* End PBXFrameworksBuildPhase section */

/* Begin PBXGroup section */
		783AB75A2B50A21C00351FC1 = {
			isa = PBXGroup;
			children = (
				783AB7652B50A21C00351FC1 /* EssentialApp */,
				783AB7872B50ADF800351FC1 /* EssentialAppTests */,
				783AB7642B50A21C00351FC1 /* Products */,
				783AB77A2B50A5E000351FC1 /* Frameworks */,
			);
			sourceTree = "<group>";
		};
		783AB7642B50A21C00351FC1 /* Products */ = {
			isa = PBXGroup;
			children = (
				783AB7632B50A21C00351FC1 /* EssentialApp.app */,
				783AB7862B50ADF800351FC1 /* EssentialAppTests.xctest */,
			);
			name = Products;
			sourceTree = "<group>";
		};
		783AB7652B50A21C00351FC1 /* EssentialApp */ = {
			isa = PBXGroup;
			children = (
				783AB7662B50A21C00351FC1 /* AppDelegate.swift */,
				783AB7682B50A21C00351FC1 /* SceneDelegate.swift */,
				783AB76A2B50A21C00351FC1 /* ViewController.swift */,
				783AB7912B50B8BE00351FC1 /* FeedLoaderWithFallbackComposite.swift */,
				78DBEF492B55B17E00098688 /* FeedImageDataLoaderWithFallbackComposite.swift */,
				783AB76C2B50A21C00351FC1 /* Main.storyboard */,
				783AB76F2B50A21D00351FC1 /* Assets.xcassets */,
				783AB7712B50A21D00351FC1 /* LaunchScreen.storyboard */,
				783AB7742B50A21D00351FC1 /* Info.plist */,
			);
			path = EssentialApp;
			sourceTree = "<group>";
		};
		783AB77A2B50A5E000351FC1 /* Frameworks */ = {
			isa = PBXGroup;
			children = (
				783AB77B2B50A5E000351FC1 /* EssentialFeed.framework */,
				783AB77C2B50A5E000351FC1 /* EssentialFeediOS.framework */,
			);
			name = Frameworks;
			sourceTree = "<group>";
		};
		783AB7872B50ADF800351FC1 /* EssentialAppTests */ = {
			isa = PBXGroup;
			children = (
				783AB78F2B50AE3200351FC1 /* FeedLoaderWithFallbackCompositeTests.swift */,
				783AB7932B50BBA000351FC1 /* FeedImageDataLoaderWithFallbackCompositeTests.swift */,
			);
			path = EssentialAppTests;
			sourceTree = "<group>";
		};
/* End PBXGroup section */

/* Begin PBXNativeTarget section */
		783AB7622B50A21C00351FC1 /* EssentialApp */ = {
			isa = PBXNativeTarget;
			buildConfigurationList = 783AB7772B50A21D00351FC1 /* Build configuration list for PBXNativeTarget "EssentialApp" */;
			buildPhases = (
				783AB75F2B50A21C00351FC1 /* Sources */,
				783AB7602B50A21C00351FC1 /* Frameworks */,
				783AB7612B50A21C00351FC1 /* Resources */,
				783AB7812B50A5E000351FC1 /* Embed Frameworks */,
			);
			buildRules = (
			);
			dependencies = (
			);
			name = EssentialApp;
			productName = EssentialApp;
			productReference = 783AB7632B50A21C00351FC1 /* EssentialApp.app */;
			productType = "com.apple.product-type.application";
		};
		783AB7852B50ADF800351FC1 /* EssentialAppTests */ = {
			isa = PBXNativeTarget;
			buildConfigurationList = 783AB78E2B50ADF800351FC1 /* Build configuration list for PBXNativeTarget "EssentialAppTests" */;
			buildPhases = (
				783AB7822B50ADF800351FC1 /* Sources */,
				783AB7832B50ADF800351FC1 /* Frameworks */,
				783AB7842B50ADF800351FC1 /* Resources */,
			);
			buildRules = (
			);
			dependencies = (
				783AB78B2B50ADF800351FC1 /* PBXTargetDependency */,
			);
			name = EssentialAppTests;
			productName = EssentialAppTests;
			productReference = 783AB7862B50ADF800351FC1 /* EssentialAppTests.xctest */;
			productType = "com.apple.product-type.bundle.unit-test";
		};
/* End PBXNativeTarget section */

/* Begin PBXProject section */
		783AB75B2B50A21C00351FC1 /* Project object */ = {
			isa = PBXProject;
			attributes = {
				BuildIndependentTargetsInParallel = 1;
				LastSwiftUpdateCheck = 1510;
				LastUpgradeCheck = 1510;
				TargetAttributes = {
					783AB7622B50A21C00351FC1 = {
						CreatedOnToolsVersion = 15.1;
					};
					783AB7852B50ADF800351FC1 = {
						CreatedOnToolsVersion = 15.1;
						LastSwiftMigration = 1510;
						TestTargetID = 783AB7622B50A21C00351FC1;
					};
				};
			};
			buildConfigurationList = 783AB75E2B50A21C00351FC1 /* Build configuration list for PBXProject "EssentialApp" */;
			compatibilityVersion = "Xcode 14.0";
			developmentRegion = en;
			hasScannedForEncodings = 0;
			knownRegions = (
				en,
				Base,
			);
			mainGroup = 783AB75A2B50A21C00351FC1;
			productRefGroup = 783AB7642B50A21C00351FC1 /* Products */;
			projectDirPath = "";
			projectRoot = "";
			targets = (
				783AB7622B50A21C00351FC1 /* EssentialApp */,
				783AB7852B50ADF800351FC1 /* EssentialAppTests */,
			);
		};
/* End PBXProject section */

/* Begin PBXResourcesBuildPhase section */
		783AB7612B50A21C00351FC1 /* Resources */ = {
			isa = PBXResourcesBuildPhase;
			buildActionMask = 2147483647;
			files = (
				783AB7732B50A21D00351FC1 /* LaunchScreen.storyboard in Resources */,
				783AB7702B50A21D00351FC1 /* Assets.xcassets in Resources */,
				783AB76E2B50A21C00351FC1 /* Main.storyboard in Resources */,
			);
			runOnlyForDeploymentPostprocessing = 0;
		};
		783AB7842B50ADF800351FC1 /* Resources */ = {
			isa = PBXResourcesBuildPhase;
			buildActionMask = 2147483647;
			files = (
			);
			runOnlyForDeploymentPostprocessing = 0;
		};
/* End PBXResourcesBuildPhase section */

/* Begin PBXSourcesBuildPhase section */
		783AB75F2B50A21C00351FC1 /* Sources */ = {
			isa = PBXSourcesBuildPhase;
			buildActionMask = 2147483647;
			files = (
				783AB76B2B50A21C00351FC1 /* ViewController.swift in Sources */,
				783AB7672B50A21C00351FC1 /* AppDelegate.swift in Sources */,
				783AB7922B50B8BE00351FC1 /* FeedLoaderWithFallbackComposite.swift in Sources */,
				783AB7692B50A21C00351FC1 /* SceneDelegate.swift in Sources */,
				78DBEF4A2B55B17E00098688 /* FeedImageDataLoaderWithFallbackComposite.swift in Sources */,
			);
			runOnlyForDeploymentPostprocessing = 0;
		};
		783AB7822B50ADF800351FC1 /* Sources */ = {
			isa = PBXSourcesBuildPhase;
			buildActionMask = 2147483647;
			files = (
				783AB7942B50BBA000351FC1 /* FeedImageDataLoaderWithFallbackCompositeTests.swift in Sources */,
				783AB7902B50AE3200351FC1 /* FeedLoaderWithFallbackCompositeTests.swift in Sources */,
			);
			runOnlyForDeploymentPostprocessing = 0;
		};
/* End PBXSourcesBuildPhase section */

/* Begin PBXTargetDependency section */
		783AB78B2B50ADF800351FC1 /* PBXTargetDependency */ = {
			isa = PBXTargetDependency;
			target = 783AB7622B50A21C00351FC1 /* EssentialApp */;
			targetProxy = 783AB78A2B50ADF800351FC1 /* PBXContainerItemProxy */;
		};
/* End PBXTargetDependency section */

/* Begin PBXVariantGroup section */
		783AB76C2B50A21C00351FC1 /* Main.storyboard */ = {
			isa = PBXVariantGroup;
			children = (
				783AB76D2B50A21C00351FC1 /* Base */,
			);
			name = Main.storyboard;
			sourceTree = "<group>";
		};
		783AB7712B50A21D00351FC1 /* LaunchScreen.storyboard */ = {
			isa = PBXVariantGroup;
			children = (
				783AB7722B50A21D00351FC1 /* Base */,
			);
			name = LaunchScreen.storyboard;
			sourceTree = "<group>";
		};
/* End PBXVariantGroup section */

/* Begin XCBuildConfiguration section */
		783AB7752B50A21D00351FC1 /* Debug */ = {
			isa = XCBuildConfiguration;
			buildSettings = {
				ALWAYS_SEARCH_USER_PATHS = NO;
				ASSETCATALOG_COMPILER_GENERATE_SWIFT_ASSET_SYMBOL_EXTENSIONS = YES;
				CLANG_ANALYZER_NONNULL = YES;
				CLANG_ANALYZER_NUMBER_OBJECT_CONVERSION = YES_AGGRESSIVE;
				CLANG_CXX_LANGUAGE_STANDARD = "gnu++20";
				CLANG_ENABLE_MODULES = YES;
				CLANG_ENABLE_OBJC_ARC = YES;
				CLANG_ENABLE_OBJC_WEAK = YES;
				CLANG_WARN_BLOCK_CAPTURE_AUTORELEASING = YES;
				CLANG_WARN_BOOL_CONVERSION = YES;
				CLANG_WARN_COMMA = YES;
				CLANG_WARN_CONSTANT_CONVERSION = YES;
				CLANG_WARN_DEPRECATED_OBJC_IMPLEMENTATIONS = YES;
				CLANG_WARN_DIRECT_OBJC_ISA_USAGE = YES_ERROR;
				CLANG_WARN_DOCUMENTATION_COMMENTS = YES;
				CLANG_WARN_EMPTY_BODY = YES;
				CLANG_WARN_ENUM_CONVERSION = YES;
				CLANG_WARN_INFINITE_RECURSION = YES;
				CLANG_WARN_INT_CONVERSION = YES;
				CLANG_WARN_NON_LITERAL_NULL_CONVERSION = YES;
				CLANG_WARN_OBJC_IMPLICIT_RETAIN_SELF = YES;
				CLANG_WARN_OBJC_LITERAL_CONVERSION = YES;
				CLANG_WARN_OBJC_ROOT_CLASS = YES_ERROR;
				CLANG_WARN_QUOTED_INCLUDE_IN_FRAMEWORK_HEADER = YES;
				CLANG_WARN_RANGE_LOOP_ANALYSIS = YES;
				CLANG_WARN_STRICT_PROTOTYPES = YES;
				CLANG_WARN_SUSPICIOUS_MOVE = YES;
				CLANG_WARN_UNGUARDED_AVAILABILITY = YES_AGGRESSIVE;
				CLANG_WARN_UNREACHABLE_CODE = YES;
				CLANG_WARN__DUPLICATE_METHOD_MATCH = YES;
				COPY_PHASE_STRIP = NO;
				DEBUG_INFORMATION_FORMAT = dwarf;
				ENABLE_STRICT_OBJC_MSGSEND = YES;
				ENABLE_TESTABILITY = YES;
				ENABLE_USER_SCRIPT_SANDBOXING = YES;
				GCC_C_LANGUAGE_STANDARD = gnu17;
				GCC_DYNAMIC_NO_PIC = NO;
				GCC_NO_COMMON_BLOCKS = YES;
				GCC_OPTIMIZATION_LEVEL = 0;
				GCC_PREPROCESSOR_DEFINITIONS = (
					"DEBUG=1",
					"$(inherited)",
				);
				GCC_WARN_64_TO_32_BIT_CONVERSION = YES;
				GCC_WARN_ABOUT_RETURN_TYPE = YES_ERROR;
				GCC_WARN_UNDECLARED_SELECTOR = YES;
				GCC_WARN_UNINITIALIZED_AUTOS = YES_AGGRESSIVE;
				GCC_WARN_UNUSED_FUNCTION = YES;
				GCC_WARN_UNUSED_VARIABLE = YES;
				IPHONEOS_DEPLOYMENT_TARGET = 17.2;
				LOCALIZATION_PREFERS_STRING_CATALOGS = YES;
				MTL_ENABLE_DEBUG_INFO = INCLUDE_SOURCE;
				MTL_FAST_MATH = YES;
				ONLY_ACTIVE_ARCH = YES;
				SDKROOT = iphoneos;
				SWIFT_ACTIVE_COMPILATION_CONDITIONS = "DEBUG $(inherited)";
				SWIFT_OPTIMIZATION_LEVEL = "-Onone";
			};
			name = Debug;
		};
		783AB7762B50A21D00351FC1 /* Release */ = {
			isa = XCBuildConfiguration;
			buildSettings = {
				ALWAYS_SEARCH_USER_PATHS = NO;
				ASSETCATALOG_COMPILER_GENERATE_SWIFT_ASSET_SYMBOL_EXTENSIONS = YES;
				CLANG_ANALYZER_NONNULL = YES;
				CLANG_ANALYZER_NUMBER_OBJECT_CONVERSION = YES_AGGRESSIVE;
				CLANG_CXX_LANGUAGE_STANDARD = "gnu++20";
				CLANG_ENABLE_MODULES = YES;
				CLANG_ENABLE_OBJC_ARC = YES;
				CLANG_ENABLE_OBJC_WEAK = YES;
				CLANG_WARN_BLOCK_CAPTURE_AUTORELEASING = YES;
				CLANG_WARN_BOOL_CONVERSION = YES;
				CLANG_WARN_COMMA = YES;
				CLANG_WARN_CONSTANT_CONVERSION = YES;
				CLANG_WARN_DEPRECATED_OBJC_IMPLEMENTATIONS = YES;
				CLANG_WARN_DIRECT_OBJC_ISA_USAGE = YES_ERROR;
				CLANG_WARN_DOCUMENTATION_COMMENTS = YES;
				CLANG_WARN_EMPTY_BODY = YES;
				CLANG_WARN_ENUM_CONVERSION = YES;
				CLANG_WARN_INFINITE_RECURSION = YES;
				CLANG_WARN_INT_CONVERSION = YES;
				CLANG_WARN_NON_LITERAL_NULL_CONVERSION = YES;
				CLANG_WARN_OBJC_IMPLICIT_RETAIN_SELF = YES;
				CLANG_WARN_OBJC_LITERAL_CONVERSION = YES;
				CLANG_WARN_OBJC_ROOT_CLASS = YES_ERROR;
				CLANG_WARN_QUOTED_INCLUDE_IN_FRAMEWORK_HEADER = YES;
				CLANG_WARN_RANGE_LOOP_ANALYSIS = YES;
				CLANG_WARN_STRICT_PROTOTYPES = YES;
				CLANG_WARN_SUSPICIOUS_MOVE = YES;
				CLANG_WARN_UNGUARDED_AVAILABILITY = YES_AGGRESSIVE;
				CLANG_WARN_UNREACHABLE_CODE = YES;
				CLANG_WARN__DUPLICATE_METHOD_MATCH = YES;
				COPY_PHASE_STRIP = NO;
				DEBUG_INFORMATION_FORMAT = "dwarf-with-dsym";
				ENABLE_NS_ASSERTIONS = NO;
				ENABLE_STRICT_OBJC_MSGSEND = YES;
				ENABLE_USER_SCRIPT_SANDBOXING = YES;
				GCC_C_LANGUAGE_STANDARD = gnu17;
				GCC_NO_COMMON_BLOCKS = YES;
				GCC_WARN_64_TO_32_BIT_CONVERSION = YES;
				GCC_WARN_ABOUT_RETURN_TYPE = YES_ERROR;
				GCC_WARN_UNDECLARED_SELECTOR = YES;
				GCC_WARN_UNINITIALIZED_AUTOS = YES_AGGRESSIVE;
				GCC_WARN_UNUSED_FUNCTION = YES;
				GCC_WARN_UNUSED_VARIABLE = YES;
				IPHONEOS_DEPLOYMENT_TARGET = 17.2;
				LOCALIZATION_PREFERS_STRING_CATALOGS = YES;
				MTL_ENABLE_DEBUG_INFO = NO;
				MTL_FAST_MATH = YES;
				SDKROOT = iphoneos;
				SWIFT_COMPILATION_MODE = wholemodule;
				VALIDATE_PRODUCT = YES;
			};
			name = Release;
		};
		783AB7782B50A21D00351FC1 /* Debug */ = {
			isa = XCBuildConfiguration;
			buildSettings = {
				ASSETCATALOG_COMPILER_APPICON_NAME = AppIcon;
				ASSETCATALOG_COMPILER_GLOBAL_ACCENT_COLOR_NAME = AccentColor;
				CODE_SIGN_STYLE = Automatic;
				CURRENT_PROJECT_VERSION = 1;
				DEVELOPMENT_TEAM = 95343MFJ7K;
				GENERATE_INFOPLIST_FILE = YES;
				INFOPLIST_FILE = EssentialApp/Info.plist;
				INFOPLIST_KEY_UIApplicationSupportsIndirectInputEvents = YES;
				INFOPLIST_KEY_UILaunchStoryboardName = LaunchScreen;
				INFOPLIST_KEY_UIMainStoryboardFile = Main;
				INFOPLIST_KEY_UISupportedInterfaceOrientations = UIInterfaceOrientationPortrait;
				INFOPLIST_KEY_UISupportedInterfaceOrientations_iPad = "UIInterfaceOrientationLandscapeLeft UIInterfaceOrientationLandscapeRight UIInterfaceOrientationPortrait UIInterfaceOrientationPortraitUpsideDown";
				IPHONEOS_DEPLOYMENT_TARGET = 16.4;
				LD_RUNPATH_SEARCH_PATHS = (
					"$(inherited)",
					"@executable_path/Frameworks",
				);
				MARKETING_VERSION = 1.0;
				PRODUCT_BUNDLE_IDENTIFIER = com.albertogarcia.EssentialApp;
				PRODUCT_NAME = "$(TARGET_NAME)";
				SUPPORTED_PLATFORMS = "iphoneos iphonesimulator";
				SUPPORTS_MACCATALYST = NO;
				SUPPORTS_MAC_DESIGNED_FOR_IPHONE_IPAD = NO;
				SWIFT_EMIT_LOC_STRINGS = YES;
				SWIFT_VERSION = 5.0;
				TARGETED_DEVICE_FAMILY = 1;
			};
			name = Debug;
		};
		783AB7792B50A21D00351FC1 /* Release */ = {
			isa = XCBuildConfiguration;
			buildSettings = {
				ASSETCATALOG_COMPILER_APPICON_NAME = AppIcon;
				ASSETCATALOG_COMPILER_GLOBAL_ACCENT_COLOR_NAME = AccentColor;
				CODE_SIGN_STYLE = Automatic;
				CURRENT_PROJECT_VERSION = 1;
				DEVELOPMENT_TEAM = 95343MFJ7K;
				GENERATE_INFOPLIST_FILE = YES;
				INFOPLIST_FILE = EssentialApp/Info.plist;
				INFOPLIST_KEY_UIApplicationSupportsIndirectInputEvents = YES;
				INFOPLIST_KEY_UILaunchStoryboardName = LaunchScreen;
				INFOPLIST_KEY_UIMainStoryboardFile = Main;
				INFOPLIST_KEY_UISupportedInterfaceOrientations = UIInterfaceOrientationPortrait;
				INFOPLIST_KEY_UISupportedInterfaceOrientations_iPad = "UIInterfaceOrientationLandscapeLeft UIInterfaceOrientationLandscapeRight UIInterfaceOrientationPortrait UIInterfaceOrientationPortraitUpsideDown";
				IPHONEOS_DEPLOYMENT_TARGET = 16.4;
				LD_RUNPATH_SEARCH_PATHS = (
					"$(inherited)",
					"@executable_path/Frameworks",
				);
				MARKETING_VERSION = 1.0;
				PRODUCT_BUNDLE_IDENTIFIER = com.albertogarcia.EssentialApp;
				PRODUCT_NAME = "$(TARGET_NAME)";
				SUPPORTED_PLATFORMS = "iphoneos iphonesimulator";
				SUPPORTS_MACCATALYST = NO;
				SUPPORTS_MAC_DESIGNED_FOR_IPHONE_IPAD = NO;
				SWIFT_EMIT_LOC_STRINGS = YES;
				SWIFT_VERSION = 5.0;
				TARGETED_DEVICE_FAMILY = 1;
			};
			name = Release;
		};
		783AB78C2B50ADF800351FC1 /* Debug */ = {
			isa = XCBuildConfiguration;
			buildSettings = {
				BUNDLE_LOADER = "$(TEST_HOST)";
				CLANG_ENABLE_MODULES = YES;
				CODE_SIGN_STYLE = Automatic;
				CURRENT_PROJECT_VERSION = 1;
				DEVELOPMENT_TEAM = 95343MFJ7K;
				GENERATE_INFOPLIST_FILE = YES;
				MARKETING_VERSION = 1.0;
				PRODUCT_BUNDLE_IDENTIFIER = com.albertogarcia.EssentialAppTests;
				PRODUCT_NAME = "$(TARGET_NAME)";
				SWIFT_EMIT_LOC_STRINGS = NO;
				SWIFT_OPTIMIZATION_LEVEL = "-Onone";
				SWIFT_VERSION = 5.0;
				TARGETED_DEVICE_FAMILY = "1,2";
				TEST_HOST = "$(BUILT_PRODUCTS_DIR)/EssentialApp.app/$(BUNDLE_EXECUTABLE_FOLDER_PATH)/EssentialApp";
			};
			name = Debug;
		};
		783AB78D2B50ADF800351FC1 /* Release */ = {
			isa = XCBuildConfiguration;
			buildSettings = {
				BUNDLE_LOADER = "$(TEST_HOST)";
				CLANG_ENABLE_MODULES = YES;
				CODE_SIGN_STYLE = Automatic;
				CURRENT_PROJECT_VERSION = 1;
				DEVELOPMENT_TEAM = 95343MFJ7K;
				GENERATE_INFOPLIST_FILE = YES;
				MARKETING_VERSION = 1.0;
				PRODUCT_BUNDLE_IDENTIFIER = com.albertogarcia.EssentialAppTests;
				PRODUCT_NAME = "$(TARGET_NAME)";
				SWIFT_EMIT_LOC_STRINGS = NO;
				SWIFT_VERSION = 5.0;
				TARGETED_DEVICE_FAMILY = "1,2";
				TEST_HOST = "$(BUILT_PRODUCTS_DIR)/EssentialApp.app/$(BUNDLE_EXECUTABLE_FOLDER_PATH)/EssentialApp";
			};
			name = Release;
		};
/* End XCBuildConfiguration section */

/* Begin XCConfigurationList section */
		783AB75E2B50A21C00351FC1 /* Build configuration list for PBXProject "EssentialApp" */ = {
			isa = XCConfigurationList;
			buildConfigurations = (
				783AB7752B50A21D00351FC1 /* Debug */,
				783AB7762B50A21D00351FC1 /* Release */,
			);
			defaultConfigurationIsVisible = 0;
			defaultConfigurationName = Release;
		};
		783AB7772B50A21D00351FC1 /* Build configuration list for PBXNativeTarget "EssentialApp" */ = {
			isa = XCConfigurationList;
			buildConfigurations = (
				783AB7782B50A21D00351FC1 /* Debug */,
				783AB7792B50A21D00351FC1 /* Release */,
			);
			defaultConfigurationIsVisible = 0;
			defaultConfigurationName = Release;
		};
		783AB78E2B50ADF800351FC1 /* Build configuration list for PBXNativeTarget "EssentialAppTests" */ = {
			isa = XCConfigurationList;
			buildConfigurations = (
				783AB78C2B50ADF800351FC1 /* Debug */,
				783AB78D2B50ADF800351FC1 /* Release */,
			);
			defaultConfigurationIsVisible = 0;
			defaultConfigurationName = Release;
		};
/* End XCConfigurationList section */
	};
	rootObject = 783AB75B2B50A21C00351FC1 /* Project object */;
}
